PODS:
  - Alamofire (5.1.0)
  - Defaults (4.0.0)
  - GoogleWebRTC (1.1.29400)
  - Permission/Core (3.1.2)
  - Permission/Microphone (3.1.2):
    - Permission/Core
  - PromiseKit (6.13.1):
    - PromiseKit/CorePromise (= 6.13.1)
    - PromiseKit/Foundation (= 6.13.1)
    - PromiseKit/UIKit (= 6.13.1)
  - PromiseKit/CorePromise (6.13.1)
  - PromiseKit/Foundation (6.13.1):
    - PromiseKit/CorePromise
  - PromiseKit/UIKit (6.13.1):
    - PromiseKit/CorePromise
  - Starscream (4.0.1)
  - SwiftyJSON (5.0.0)
  - ZiwoSDK (0.0.1):
    - Defaults
    - GoogleWebRTC
    - PromiseKit
    - Starscream
    - SwiftyJSON

DEPENDENCIES:
  - Alamofire
  - Defaults
  - GoogleWebRTC
  - Permission/Microphone
  - PromiseKit
  - Starscream (from `https://github.com/emersonsoftware/Starscream.git`, branch `master`)
  - SwiftyJSON
  - ZiwoSDK (from `.`)

SPEC REPOS:
  trunk:
    - Alamofire
    - Defaults
    - GoogleWebRTC
    - Permission
    - PromiseKit
    - SwiftyJSON

EXTERNAL SOURCES:
  Starscream:
    :branch: master
    :git: https://github.com/emersonsoftware/Starscream.git
  ZiwoSDK:
    :path: "."

CHECKOUT OPTIONS:
  Starscream:
    :commit: 48a8a2cb9d704aa21f2031e181d132d2fd13df6c
    :git: https://github.com/emersonsoftware/Starscream.git

SPEC CHECKSUMS:
  Alamofire: 9d5c5f602928e512395b30950c5984eca840093c
  Defaults: bd35cdccb03e81e8ec158dea6518b94c321de403
  GoogleWebRTC: cfb83bc346435a17fe06bb05f04ad826b858a7fb
  Permission: 4821359fb4d4367fb59aa16df38fbba5722ac842
  PromiseKit: 28fda91c973cc377875d8c0ea4f973013c05b6db
  Starscream: 9dbeec17a9ae4fd4904e8ac36b1ea96b20755959
  SwiftyJSON: 36413e04c44ee145039d332b4f4e2d3e8d6c4db7
  ZiwoSDK: 42294cabc53f4d92df59d91838dba84fd5ab51f0

PODFILE CHECKSUM: fd934c9a82b3e5a053e2125b246ec1fac5ca1af3

COCOAPODS: 1.8.4
