PODS:
  - Defaults (3.1.1)
  - Starscream (4.0.1)
  - SwiftyJSON (5.0.0)
  - ZiwoSDK (0.0.1):
    - Starscream

DEPENDENCIES:
  - Defaults
  - Starscream (from `https://github.com/emersonsoftware/Starscream.git`, branch `master`)
  - SwiftyJSON
  - ZiwoSDK (from `.`)

SPEC REPOS:
  trunk:
    - Defaults
    - SwiftyJSON

EXTERNAL SOURCES:
  Starscream:
    :branch: master
    :git: https://github.com/emersonsoftware/Starscream.git
  ZiwoSDK:
    :path: "."

CHECKOUT OPTIONS:
  Starscream:
    :commit: 48a8a2cb9d704aa21f2031e181d132d2fd13df6c
    :git: https://github.com/emersonsoftware/Starscream.git

SPEC CHECKSUMS:
  Defaults: bcfbdb87d0b63fb302d70791b72f62f0f29d26aa
  Starscream: 9dbeec17a9ae4fd4904e8ac36b1ea96b20755959
  SwiftyJSON: 36413e04c44ee145039d332b4f4e2d3e8d6c4db7
  ZiwoSDK: cd9e072f2c6cfe47fef1998774292ba276963f69

PODFILE CHECKSUM: cfc86b91ea425ab03a41c7a2524b8ebd51d4b725

COCOAPODS: 1.8.4
