PODS:
  - Alamofire (5.1.0)
  - Defaults (4.0.0)
  - PromiseKit (6.13.1):
    - PromiseKit/CorePromise (= 6.13.1)
    - PromiseKit/Foundation (= 6.13.1)
    - PromiseKit/UIKit (= 6.13.1)
  - PromiseKit/CorePromise (6.13.1)
  - PromiseKit/Foundation (6.13.1):
    - PromiseKit/CorePromise
  - PromiseKit/UIKit (6.13.1):
    - PromiseKit/CorePromise
  - Starscream (4.0.1)
  - SwiftyJSON (5.0.0)
  - ZiwoSDK (0.0.1):
    - Defaults
    - Starscream
    - SwiftyJSON

DEPENDENCIES:
  - Alamofire
  - Defaults
  - PromiseKit
  - Starscream (from `https://github.com/emersonsoftware/Starscream.git`, branch `master`)
  - SwiftyJSON
  - ZiwoSDK (from `.`)

SPEC REPOS:
  trunk:
    - Alamofire
    - Defaults
    - PromiseKit
    - SwiftyJSON

EXTERNAL SOURCES:
  Starscream:
    :branch: master
    :git: https://github.com/emersonsoftware/Starscream.git
  ZiwoSDK:
    :path: "."

CHECKOUT OPTIONS:
  Starscream:
    :commit: 48a8a2cb9d704aa21f2031e181d132d2fd13df6c
    :git: https://github.com/emersonsoftware/Starscream.git

SPEC CHECKSUMS:
  Alamofire: 9d5c5f602928e512395b30950c5984eca840093c
  Defaults: bd35cdccb03e81e8ec158dea6518b94c321de403
  PromiseKit: 28fda91c973cc377875d8c0ea4f973013c05b6db
  Starscream: 9dbeec17a9ae4fd4904e8ac36b1ea96b20755959
  SwiftyJSON: 36413e04c44ee145039d332b4f4e2d3e8d6c4db7
  ZiwoSDK: 7f3e85618681822d2121c66e3c80538cfd3de287

PODFILE CHECKSUM: 67ff0390d55c71f0ee168523ffc51ae4c2e797d4

COCOAPODS: 1.8.4
