// !$*UTF8*$!
{
	archiveVersion = 1;
	classes = {
	};
	objectVersion = 51;
	objects = {

/* Begin PBXBuildFile section */
		01937E3D406FC22F49B194C1 /* Pods_ZiwoExampleApp.framework in Frameworks */ = {isa = PBXBuildFile; fileRef = 1B7DFE83D271FEFA8DEDD727 /* Pods_ZiwoExampleApp.framework */; };
		EB01B46C2452E9D200B481A3 /* Network.swift in Sources */ = {isa = PBXBuildFile; fileRef = EB01B46B2452E9D200B481A3 /* Network.swift */; };
		EB01B46F2452EFDC00B481A3 /* Agent.swift in Sources */ = {isa = PBXBuildFile; fileRef = EB01B46E2452EFDC00B481A3 /* Agent.swift */; };
		EB1FE80724504E4E00830845 /* ziwo_sdk.h in Headers */ = {isa = PBXBuildFile; fileRef = EB1FE80524504E4E00830845 /* ziwo_sdk.h */; settings = {ATTRIBUTES = (Public, ); }; };
		EB549D822451B4DB004B7CEB /* ZiwoWebSocket.swift in Sources */ = {isa = PBXBuildFile; fileRef = EB549D812451B4DB004B7CEB /* ZiwoWebSocket.swift */; };
		EB549D842451B4F7004B7CEB /* VertoWebSocket.swift in Sources */ = {isa = PBXBuildFile; fileRef = EB549D832451B4F7004B7CEB /* VertoWebSocket.swift */; };
		EB549D862451B515004B7CEB /* DomainWebSocket.swift in Sources */ = {isa = PBXBuildFile; fileRef = EB549D852451B515004B7CEB /* DomainWebSocket.swift */; };
		EB549D8A2451BB1A004B7CEB /* VertoHelpers.swift in Sources */ = {isa = PBXBuildFile; fileRef = EB549D892451BB1A004B7CEB /* VertoHelpers.swift */; };
		EB549D8D2451C11A004B7CEB /* DefaultKeys.swift in Sources */ = {isa = PBXBuildFile; fileRef = EB549D8C2451C11A004B7CEB /* DefaultKeys.swift */; };
		EB549D912452DDC5004B7CEB /* Utils.swift in Sources */ = {isa = PBXBuildFile; fileRef = EB549D902452DDC5004B7CEB /* Utils.swift */; };
		EB549D922452E1D8004B7CEB /* Pods_ziwo_sdk.framework in Frameworks */ = {isa = PBXBuildFile; fileRef = EBB644CA245055810077D2DF /* Pods_ziwo_sdk.framework */; };
		EB549D932452E1D8004B7CEB /* Pods_ziwo_sdk.framework in Embed Frameworks */ = {isa = PBXBuildFile; fileRef = EBB644CA245055810077D2DF /* Pods_ziwo_sdk.framework */; settings = {ATTRIBUTES = (CodeSignOnCopy, RemoveHeadersOnCopy, ); }; };
		EBB6449A24504EF30077D2DF /* ZiwoSDK.swift in Sources */ = {isa = PBXBuildFile; fileRef = EBB6449924504EF30077D2DF /* ZiwoSDK.swift */; };
		EBB644A224504F230077D2DF /* ziwo_sdkTests.swift in Sources */ = {isa = PBXBuildFile; fileRef = EBB644A124504F230077D2DF /* ziwo_sdkTests.swift */; };
		EBB644A424504F230077D2DF /* ziwo_sdk.framework in Frameworks */ = {isa = PBXBuildFile; fileRef = EB1FE80224504E4E00830845 /* ziwo_sdk.framework */; };
		EBB644B1245051270077D2DF /* AppDelegate.swift in Sources */ = {isa = PBXBuildFile; fileRef = EBB644B0245051270077D2DF /* AppDelegate.swift */; };
		EBB644B3245051270077D2DF /* SceneDelegate.swift in Sources */ = {isa = PBXBuildFile; fileRef = EBB644B2245051270077D2DF /* SceneDelegate.swift */; };
		EBB644B5245051270077D2DF /* LoginViewController.swift in Sources */ = {isa = PBXBuildFile; fileRef = EBB644B4245051270077D2DF /* LoginViewController.swift */; };
		EBB644B8245051270077D2DF /* Main.storyboard in Resources */ = {isa = PBXBuildFile; fileRef = EBB644B6245051270077D2DF /* Main.storyboard */; };
		EBB644BB245051270077D2DF /* ZiwoExampleApp.xcdatamodeld in Sources */ = {isa = PBXBuildFile; fileRef = EBB644B9245051270077D2DF /* ZiwoExampleApp.xcdatamodeld */; };
		EBB644BD245051290077D2DF /* Assets.xcassets in Resources */ = {isa = PBXBuildFile; fileRef = EBB644BC245051290077D2DF /* Assets.xcassets */; };
		EBB644C0245051290077D2DF /* LaunchScreen.storyboard in Resources */ = {isa = PBXBuildFile; fileRef = EBB644BE245051290077D2DF /* LaunchScreen.storyboard */; };
		EBF65F2F245317EC0024910F /* AgentViewController.swift in Sources */ = {isa = PBXBuildFile; fileRef = EBF65F2E245317EC0024910F /* AgentViewController.swift */; };
		EBF65F31245320E00024910F /* ZiwoClient.swift in Sources */ = {isa = PBXBuildFile; fileRef = EBF65F30245320E00024910F /* ZiwoClient.swift */; };
		F0443B575746ED7FE98F95CB /* Pods_ziwo_sdkTests.framework in Frameworks */ = {isa = PBXBuildFile; fileRef = C72A88ED0B78B07265220E5E /* Pods_ziwo_sdkTests.framework */; };
/* End PBXBuildFile section */

/* Begin PBXContainerItemProxy section */
		EB549D7E24505E1F004B7CEB /* PBXContainerItemProxy */ = {
			isa = PBXContainerItemProxy;
			containerPortal = EB1FE7F924504E4E00830845 /* Project object */;
			proxyType = 1;
			remoteGlobalIDString = EB1FE80124504E4E00830845;
			remoteInfo = "ziwo-sdk";
		};
		EBB644A524504F230077D2DF /* PBXContainerItemProxy */ = {
			isa = PBXContainerItemProxy;
			containerPortal = EB1FE7F924504E4E00830845 /* Project object */;
			proxyType = 1;
			remoteGlobalIDString = EB1FE80124504E4E00830845;
			remoteInfo = "ziwo-sdk";
		};
/* End PBXContainerItemProxy section */

/* Begin PBXCopyFilesBuildPhase section */
		EB549D942452E1D8004B7CEB /* Embed Frameworks */ = {
			isa = PBXCopyFilesBuildPhase;
			buildActionMask = 2147483647;
			dstPath = "";
			dstSubfolderSpec = 10;
			files = (
				EB549D932452E1D8004B7CEB /* Pods_ziwo_sdk.framework in Embed Frameworks */,
			);
			name = "Embed Frameworks";
			runOnlyForDeploymentPostprocessing = 0;
		};
/* End PBXCopyFilesBuildPhase section */

/* Begin PBXFileReference section */
		1B7DFE83D271FEFA8DEDD727 /* Pods_ZiwoExampleApp.framework */ = {isa = PBXFileReference; explicitFileType = wrapper.framework; includeInIndex = 0; path = Pods_ZiwoExampleApp.framework; sourceTree = BUILT_PRODUCTS_DIR; };
		323AAE8FEEB271D09B873022 /* Pods_ziwo_sdk.framework */ = {isa = PBXFileReference; explicitFileType = wrapper.framework; includeInIndex = 0; path = Pods_ziwo_sdk.framework; sourceTree = BUILT_PRODUCTS_DIR; };
		6DA782843547914AADBA4033 /* Pods-ZiwoExampleApp.debug.xcconfig */ = {isa = PBXFileReference; includeInIndex = 1; lastKnownFileType = text.xcconfig; name = "Pods-ZiwoExampleApp.debug.xcconfig"; path = "Target Support Files/Pods-ZiwoExampleApp/Pods-ZiwoExampleApp.debug.xcconfig"; sourceTree = "<group>"; };
		791FB8EF92BFEFC1B4C2AA94 /* Pods-ZiwoExampleApp.release.xcconfig */ = {isa = PBXFileReference; includeInIndex = 1; lastKnownFileType = text.xcconfig; name = "Pods-ZiwoExampleApp.release.xcconfig"; path = "Target Support Files/Pods-ZiwoExampleApp/Pods-ZiwoExampleApp.release.xcconfig"; sourceTree = "<group>"; };
		864A5883198F815BFB7C83C9 /* Pods-ziwo_sdkTests.debug.xcconfig */ = {isa = PBXFileReference; includeInIndex = 1; lastKnownFileType = text.xcconfig; name = "Pods-ziwo_sdkTests.debug.xcconfig"; path = "Target Support Files/Pods-ziwo_sdkTests/Pods-ziwo_sdkTests.debug.xcconfig"; sourceTree = "<group>"; };
		B613E41E7789A84AE725FCF6 /* Pods-ziwo-sdk.release.xcconfig */ = {isa = PBXFileReference; includeInIndex = 1; lastKnownFileType = text.xcconfig; name = "Pods-ziwo-sdk.release.xcconfig"; path = "Target Support Files/Pods-ziwo-sdk/Pods-ziwo-sdk.release.xcconfig"; sourceTree = "<group>"; };
		C72A88ED0B78B07265220E5E /* Pods_ziwo_sdkTests.framework */ = {isa = PBXFileReference; explicitFileType = wrapper.framework; includeInIndex = 0; path = Pods_ziwo_sdkTests.framework; sourceTree = BUILT_PRODUCTS_DIR; };
		E3A88C6B6E082A4EF066E276 /* Pods-ziwo-sdk.debug.xcconfig */ = {isa = PBXFileReference; includeInIndex = 1; lastKnownFileType = text.xcconfig; name = "Pods-ziwo-sdk.debug.xcconfig"; path = "Target Support Files/Pods-ziwo-sdk/Pods-ziwo-sdk.debug.xcconfig"; sourceTree = "<group>"; };
		EB01B46B2452E9D200B481A3 /* Network.swift */ = {isa = PBXFileReference; lastKnownFileType = sourcecode.swift; path = Network.swift; sourceTree = "<group>"; };
		EB01B46E2452EFDC00B481A3 /* Agent.swift */ = {isa = PBXFileReference; lastKnownFileType = sourcecode.swift; path = Agent.swift; sourceTree = "<group>"; };
		EB1FE80224504E4E00830845 /* ziwo_sdk.framework */ = {isa = PBXFileReference; explicitFileType = wrapper.framework; includeInIndex = 0; path = ziwo_sdk.framework; sourceTree = BUILT_PRODUCTS_DIR; };
		EB1FE80524504E4E00830845 /* ziwo_sdk.h */ = {isa = PBXFileReference; lastKnownFileType = sourcecode.c.h; path = ziwo_sdk.h; sourceTree = "<group>"; };
		EB1FE80624504E4E00830845 /* Info.plist */ = {isa = PBXFileReference; lastKnownFileType = text.plist.xml; path = Info.plist; sourceTree = "<group>"; };
		EB549D812451B4DB004B7CEB /* ZiwoWebSocket.swift */ = {isa = PBXFileReference; lastKnownFileType = sourcecode.swift; path = ZiwoWebSocket.swift; sourceTree = "<group>"; };
		EB549D832451B4F7004B7CEB /* VertoWebSocket.swift */ = {isa = PBXFileReference; lastKnownFileType = sourcecode.swift; path = VertoWebSocket.swift; sourceTree = "<group>"; };
		EB549D852451B515004B7CEB /* DomainWebSocket.swift */ = {isa = PBXFileReference; lastKnownFileType = sourcecode.swift; path = DomainWebSocket.swift; sourceTree = "<group>"; };
		EB549D892451BB1A004B7CEB /* VertoHelpers.swift */ = {isa = PBXFileReference; lastKnownFileType = sourcecode.swift; path = VertoHelpers.swift; sourceTree = "<group>"; };
		EB549D8C2451C11A004B7CEB /* DefaultKeys.swift */ = {isa = PBXFileReference; lastKnownFileType = sourcecode.swift; path = DefaultKeys.swift; sourceTree = "<group>"; };
		EB549D902452DDC5004B7CEB /* Utils.swift */ = {isa = PBXFileReference; lastKnownFileType = sourcecode.swift; path = Utils.swift; sourceTree = "<group>"; };
		EBB6449924504EF30077D2DF /* ZiwoSDK.swift */ = {isa = PBXFileReference; lastKnownFileType = sourcecode.swift; path = ZiwoSDK.swift; sourceTree = "<group>"; };
		EBB6449F24504F230077D2DF /* ziwo_sdkTests.xctest */ = {isa = PBXFileReference; explicitFileType = wrapper.cfbundle; includeInIndex = 0; path = ziwo_sdkTests.xctest; sourceTree = BUILT_PRODUCTS_DIR; };
		EBB644A124504F230077D2DF /* ziwo_sdkTests.swift */ = {isa = PBXFileReference; lastKnownFileType = sourcecode.swift; path = ziwo_sdkTests.swift; sourceTree = "<group>"; };
		EBB644A324504F230077D2DF /* Info.plist */ = {isa = PBXFileReference; lastKnownFileType = text.plist.xml; path = Info.plist; sourceTree = "<group>"; };
		EBB644AE245051270077D2DF /* ZiwoExampleApp.app */ = {isa = PBXFileReference; explicitFileType = wrapper.application; includeInIndex = 0; path = ZiwoExampleApp.app; sourceTree = BUILT_PRODUCTS_DIR; };
		EBB644B0245051270077D2DF /* AppDelegate.swift */ = {isa = PBXFileReference; lastKnownFileType = sourcecode.swift; path = AppDelegate.swift; sourceTree = "<group>"; };
		EBB644B2245051270077D2DF /* SceneDelegate.swift */ = {isa = PBXFileReference; lastKnownFileType = sourcecode.swift; path = SceneDelegate.swift; sourceTree = "<group>"; };
		EBB644B4245051270077D2DF /* LoginViewController.swift */ = {isa = PBXFileReference; lastKnownFileType = sourcecode.swift; path = LoginViewController.swift; sourceTree = "<group>"; };
		EBB644B7245051270077D2DF /* Base */ = {isa = PBXFileReference; lastKnownFileType = file.storyboard; name = Base; path = Base.lproj/Main.storyboard; sourceTree = "<group>"; };
		EBB644BA245051270077D2DF /* ZiwoExampleApp.xcdatamodel */ = {isa = PBXFileReference; lastKnownFileType = wrapper.xcdatamodel; path = ZiwoExampleApp.xcdatamodel; sourceTree = "<group>"; };
		EBB644BC245051290077D2DF /* Assets.xcassets */ = {isa = PBXFileReference; lastKnownFileType = folder.assetcatalog; path = Assets.xcassets; sourceTree = "<group>"; };
		EBB644BF245051290077D2DF /* Base */ = {isa = PBXFileReference; lastKnownFileType = file.storyboard; name = Base; path = Base.lproj/LaunchScreen.storyboard; sourceTree = "<group>"; };
		EBB644C1245051290077D2DF /* Info.plist */ = {isa = PBXFileReference; lastKnownFileType = text.plist.xml; path = Info.plist; sourceTree = "<group>"; };
		EBB644CA245055810077D2DF /* Pods_ziwo_sdk.framework */ = {isa = PBXFileReference; explicitFileType = wrapper.framework; path = Pods_ziwo_sdk.framework; sourceTree = BUILT_PRODUCTS_DIR; };
		EBF65F2E245317EC0024910F /* AgentViewController.swift */ = {isa = PBXFileReference; lastKnownFileType = sourcecode.swift; path = AgentViewController.swift; sourceTree = "<group>"; };
		EBF65F30245320E00024910F /* ZiwoClient.swift */ = {isa = PBXFileReference; lastKnownFileType = sourcecode.swift; path = ZiwoClient.swift; sourceTree = "<group>"; };
		F3F948A327E41A2165D1E2C8 /* Pods-ziwo_sdkTests.release.xcconfig */ = {isa = PBXFileReference; includeInIndex = 1; lastKnownFileType = text.xcconfig; name = "Pods-ziwo_sdkTests.release.xcconfig"; path = "Target Support Files/Pods-ziwo_sdkTests/Pods-ziwo_sdkTests.release.xcconfig"; sourceTree = "<group>"; };
/* End PBXFileReference section */

/* Begin PBXFrameworksBuildPhase section */
		EB1FE7FF24504E4E00830845 /* Frameworks */ = {
			isa = PBXFrameworksBuildPhase;
			buildActionMask = 2147483647;
			files = (
				EB549D922452E1D8004B7CEB /* Pods_ziwo_sdk.framework in Frameworks */,
			);
			runOnlyForDeploymentPostprocessing = 0;
		};
		EBB6449C24504F230077D2DF /* Frameworks */ = {
			isa = PBXFrameworksBuildPhase;
			buildActionMask = 2147483647;
			files = (
				EBB644A424504F230077D2DF /* ziwo_sdk.framework in Frameworks */,
				F0443B575746ED7FE98F95CB /* Pods_ziwo_sdkTests.framework in Frameworks */,
			);
			runOnlyForDeploymentPostprocessing = 0;
		};
		EBB644AB245051270077D2DF /* Frameworks */ = {
			isa = PBXFrameworksBuildPhase;
			buildActionMask = 2147483647;
			files = (
				01937E3D406FC22F49B194C1 /* Pods_ZiwoExampleApp.framework in Frameworks */,
			);
			runOnlyForDeploymentPostprocessing = 0;
		};
/* End PBXFrameworksBuildPhase section */

/* Begin PBXGroup section */
		4FE902CED88F4F2E8B9A8DCA /* Frameworks */ = {
			isa = PBXGroup;
			children = (
				EBB644CA245055810077D2DF /* Pods_ziwo_sdk.framework */,
				323AAE8FEEB271D09B873022 /* Pods_ziwo_sdk.framework */,
				C72A88ED0B78B07265220E5E /* Pods_ziwo_sdkTests.framework */,
				1B7DFE83D271FEFA8DEDD727 /* Pods_ZiwoExampleApp.framework */,
			);
			name = Frameworks;
			sourceTree = "<group>";
		};
		9D3134003E164FA7C34EDBAC /* Pods */ = {
			isa = PBXGroup;
			children = (
				E3A88C6B6E082A4EF066E276 /* Pods-ziwo-sdk.debug.xcconfig */,
				B613E41E7789A84AE725FCF6 /* Pods-ziwo-sdk.release.xcconfig */,
				864A5883198F815BFB7C83C9 /* Pods-ziwo_sdkTests.debug.xcconfig */,
				F3F948A327E41A2165D1E2C8 /* Pods-ziwo_sdkTests.release.xcconfig */,
				6DA782843547914AADBA4033 /* Pods-ZiwoExampleApp.debug.xcconfig */,
				791FB8EF92BFEFC1B4C2AA94 /* Pods-ZiwoExampleApp.release.xcconfig */,
			);
			path = Pods;
			sourceTree = "<group>";
		};
		EB01B46D2452EFC300B481A3 /* Objects */ = {
			isa = PBXGroup;
			children = (
				EB01B46E2452EFDC00B481A3 /* Agent.swift */,
			);
			path = Objects;
			sourceTree = "<group>";
		};
		EB1FE7F824504E4E00830845 = {
			isa = PBXGroup;
			children = (
				EB1FE80424504E4E00830845 /* ziwo-sdk */,
				EBB644A024504F230077D2DF /* ziwo_sdkTests */,
				EBB644AF245051270077D2DF /* ZiwoExampleApp */,
				EB1FE80324504E4E00830845 /* Products */,
				9D3134003E164FA7C34EDBAC /* Pods */,
				4FE902CED88F4F2E8B9A8DCA /* Frameworks */,
			);
			sourceTree = "<group>";
		};
		EB1FE80324504E4E00830845 /* Products */ = {
			isa = PBXGroup;
			children = (
				EB1FE80224504E4E00830845 /* ziwo_sdk.framework */,
				EBB6449F24504F230077D2DF /* ziwo_sdkTests.xctest */,
				EBB644AE245051270077D2DF /* ZiwoExampleApp.app */,
			);
			name = Products;
			sourceTree = "<group>";
		};
		EB1FE80424504E4E00830845 /* ziwo-sdk */ = {
			isa = PBXGroup;
			children = (
				EB01B46D2452EFC300B481A3 /* Objects */,
				EB549D8B2451BB1F004B7CEB /* MISC */,
				EB549D802451B4C4004B7CEB /* WebSockets */,
				EBF65F30245320E00024910F /* ZiwoClient.swift */,
				EBB6449924504EF30077D2DF /* ZiwoSDK.swift */,
				EB1FE80524504E4E00830845 /* ziwo_sdk.h */,
				EB1FE80624504E4E00830845 /* Info.plist */,
			);
			path = "ziwo-sdk";
			sourceTree = "<group>";
		};
		EB549D802451B4C4004B7CEB /* WebSockets */ = {
			isa = PBXGroup;
			children = (
				EB549D812451B4DB004B7CEB /* ZiwoWebSocket.swift */,
				EB549D832451B4F7004B7CEB /* VertoWebSocket.swift */,
				EB549D852451B515004B7CEB /* DomainWebSocket.swift */,
			);
			path = WebSockets;
			sourceTree = "<group>";
		};
		EB549D8B2451BB1F004B7CEB /* MISC */ = {
			isa = PBXGroup;
			children = (
				EB549D892451BB1A004B7CEB /* VertoHelpers.swift */,
				EB549D8C2451C11A004B7CEB /* DefaultKeys.swift */,
			);
			path = MISC;
			sourceTree = "<group>";
		};
		EB549D8E2452CF7A004B7CEB /* Sources */ = {
			isa = PBXGroup;
			children = (
				EB549D8F2452DDA0004B7CEB /* MISC */,
				EBF65F2D245317CB0024910F /* Logged */,
				EBB644B4245051270077D2DF /* LoginViewController.swift */,
			);
			path = Sources;
			sourceTree = "<group>";
		};
		EB549D8F2452DDA0004B7CEB /* MISC */ = {
			isa = PBXGroup;
			children = (
				EB549D902452DDC5004B7CEB /* Utils.swift */,
				EB01B46B2452E9D200B481A3 /* Network.swift */,
			);
			path = MISC;
			sourceTree = "<group>";
		};
		EBB644A024504F230077D2DF /* ziwo_sdkTests */ = {
			isa = PBXGroup;
			children = (
				EBB644A124504F230077D2DF /* ziwo_sdkTests.swift */,
				EBB644A324504F230077D2DF /* Info.plist */,
			);
			path = ziwo_sdkTests;
			sourceTree = "<group>";
		};
		EBB644AF245051270077D2DF /* ZiwoExampleApp */ = {
			isa = PBXGroup;
			children = (
				EB549D8E2452CF7A004B7CEB /* Sources */,
				EBB644B0245051270077D2DF /* AppDelegate.swift */,
				EBB644B2245051270077D2DF /* SceneDelegate.swift */,
				EBB644B6245051270077D2DF /* Main.storyboard */,
				EBB644BC245051290077D2DF /* Assets.xcassets */,
				EBB644BE245051290077D2DF /* LaunchScreen.storyboard */,
				EBB644C1245051290077D2DF /* Info.plist */,
				EBB644B9245051270077D2DF /* ZiwoExampleApp.xcdatamodeld */,
			);
			path = ZiwoExampleApp;
			sourceTree = "<group>";
		};
		EBF65F2D245317CB0024910F /* Logged */ = {
			isa = PBXGroup;
			children = (
				EBF65F2E245317EC0024910F /* AgentViewController.swift */,
			);
			path = Logged;
			sourceTree = "<group>";
		};
/* End PBXGroup section */

/* Begin PBXHeadersBuildPhase section */
		EB1FE7FD24504E4E00830845 /* Headers */ = {
			isa = PBXHeadersBuildPhase;
			buildActionMask = 2147483647;
			files = (
				EB1FE80724504E4E00830845 /* ziwo_sdk.h in Headers */,
			);
			runOnlyForDeploymentPostprocessing = 0;
		};
/* End PBXHeadersBuildPhase section */

/* Begin PBXNativeTarget section */
		EB1FE80124504E4E00830845 /* ziwo-sdk */ = {
			isa = PBXNativeTarget;
			buildConfigurationList = EB1FE80A24504E4E00830845 /* Build configuration list for PBXNativeTarget "ziwo-sdk" */;
			buildPhases = (
				0BAD6E1D930B5D54C3EC69AD /* [CP] Check Pods Manifest.lock */,
				EB1FE7FD24504E4E00830845 /* Headers */,
				EB1FE7FF24504E4E00830845 /* Frameworks */,
				EB1FE7FE24504E4E00830845 /* Sources */,
				EB1FE80024504E4E00830845 /* Resources */,
				EB549D942452E1D8004B7CEB /* Embed Frameworks */,
			);
			buildRules = (
			);
			dependencies = (
			);
			name = "ziwo-sdk";
			productName = "ziwo-sdk";
			productReference = EB1FE80224504E4E00830845 /* ziwo_sdk.framework */;
			productType = "com.apple.product-type.framework";
		};
		EBB6449E24504F230077D2DF /* ziwo_sdkTests */ = {
			isa = PBXNativeTarget;
			buildConfigurationList = EBB644A724504F230077D2DF /* Build configuration list for PBXNativeTarget "ziwo_sdkTests" */;
			buildPhases = (
				C75951C7AFA2368DAB5A2257 /* [CP] Check Pods Manifest.lock */,
				EBB6449B24504F230077D2DF /* Sources */,
				EBB6449C24504F230077D2DF /* Frameworks */,
				EBB6449D24504F230077D2DF /* Resources */,
				561EBBA278F5390072787560 /* [CP] Embed Pods Frameworks */,
			);
			buildRules = (
			);
			dependencies = (
				EBB644A624504F230077D2DF /* PBXTargetDependency */,
			);
			name = ziwo_sdkTests;
			productName = ziwo_sdkTests;
			productReference = EBB6449F24504F230077D2DF /* ziwo_sdkTests.xctest */;
			productType = "com.apple.product-type.bundle.unit-test";
		};
		EBB644AD245051270077D2DF /* ZiwoExampleApp */ = {
			isa = PBXNativeTarget;
			buildConfigurationList = EBB644C2245051290077D2DF /* Build configuration list for PBXNativeTarget "ZiwoExampleApp" */;
			buildPhases = (
				2F11876FC68DB7A638273841 /* [CP] Check Pods Manifest.lock */,
				EBB644AA245051270077D2DF /* Sources */,
				EBB644AB245051270077D2DF /* Frameworks */,
				EBB644AC245051270077D2DF /* Resources */,
				BDBDBCE1EF44312A66E77AD6 /* [CP] Embed Pods Frameworks */,
			);
			buildRules = (
			);
			dependencies = (
				EB549D7F24505E1F004B7CEB /* PBXTargetDependency */,
			);
			name = ZiwoExampleApp;
			productName = ZiwoExampleApp;
			productReference = EBB644AE245051270077D2DF /* ZiwoExampleApp.app */;
			productType = "com.apple.product-type.application";
		};
/* End PBXNativeTarget section */

/* Begin PBXProject section */
		EB1FE7F924504E4E00830845 /* Project object */ = {
			isa = PBXProject;
			attributes = {
				LastSwiftUpdateCheck = 1140;
				LastUpgradeCheck = 1140;
				ORGANIZATIONNAME = ASWAT;
				TargetAttributes = {
					EB1FE80124504E4E00830845 = {
						CreatedOnToolsVersion = 11.4.1;
						LastSwiftMigration = 1140;
					};
					EBB6449E24504F230077D2DF = {
						CreatedOnToolsVersion = 11.4.1;
					};
					EBB644AD245051270077D2DF = {
						CreatedOnToolsVersion = 11.4.1;
					};
				};
			};
			buildConfigurationList = EB1FE7FC24504E4E00830845 /* Build configuration list for PBXProject "ziwo-sdk" */;
			compatibilityVersion = "Xcode 9.3";
			developmentRegion = en;
			hasScannedForEncodings = 0;
			knownRegions = (
				en,
				Base,
			);
			mainGroup = EB1FE7F824504E4E00830845;
			productRefGroup = EB1FE80324504E4E00830845 /* Products */;
			projectDirPath = "";
			projectRoot = "";
			targets = (
				EB1FE80124504E4E00830845 /* ziwo-sdk */,
				EBB6449E24504F230077D2DF /* ziwo_sdkTests */,
				EBB644AD245051270077D2DF /* ZiwoExampleApp */,
			);
		};
/* End PBXProject section */

/* Begin PBXResourcesBuildPhase section */
		EB1FE80024504E4E00830845 /* Resources */ = {
			isa = PBXResourcesBuildPhase;
			buildActionMask = 2147483647;
			files = (
			);
			runOnlyForDeploymentPostprocessing = 0;
		};
		EBB6449D24504F230077D2DF /* Resources */ = {
			isa = PBXResourcesBuildPhase;
			buildActionMask = 2147483647;
			files = (
			);
			runOnlyForDeploymentPostprocessing = 0;
		};
		EBB644AC245051270077D2DF /* Resources */ = {
			isa = PBXResourcesBuildPhase;
			buildActionMask = 2147483647;
			files = (
				EBB644C0245051290077D2DF /* LaunchScreen.storyboard in Resources */,
				EBB644BD245051290077D2DF /* Assets.xcassets in Resources */,
				EBB644B8245051270077D2DF /* Main.storyboard in Resources */,
			);
			runOnlyForDeploymentPostprocessing = 0;
		};
/* End PBXResourcesBuildPhase section */

/* Begin PBXShellScriptBuildPhase section */
		0BAD6E1D930B5D54C3EC69AD /* [CP] Check Pods Manifest.lock */ = {
			isa = PBXShellScriptBuildPhase;
			buildActionMask = 2147483647;
			files = (
			);
			inputFileListPaths = (
			);
			inputPaths = (
				"${PODS_PODFILE_DIR_PATH}/Podfile.lock",
				"${PODS_ROOT}/Manifest.lock",
			);
			name = "[CP] Check Pods Manifest.lock";
			outputFileListPaths = (
			);
			outputPaths = (
				"$(DERIVED_FILE_DIR)/Pods-ziwo-sdk-checkManifestLockResult.txt",
			);
			runOnlyForDeploymentPostprocessing = 0;
			shellPath = /bin/sh;
			shellScript = "diff \"${PODS_PODFILE_DIR_PATH}/Podfile.lock\" \"${PODS_ROOT}/Manifest.lock\" > /dev/null\nif [ $? != 0 ] ; then\n    # print error to STDERR\n    echo \"error: The sandbox is not in sync with the Podfile.lock. Run 'pod install' or update your CocoaPods installation.\" >&2\n    exit 1\nfi\n# This output is used by Xcode 'outputs' to avoid re-running this script phase.\necho \"SUCCESS\" > \"${SCRIPT_OUTPUT_FILE_0}\"\n";
			showEnvVarsInLog = 0;
		};
		2F11876FC68DB7A638273841 /* [CP] Check Pods Manifest.lock */ = {
			isa = PBXShellScriptBuildPhase;
			buildActionMask = 2147483647;
			files = (
			);
			inputFileListPaths = (
			);
			inputPaths = (
				"${PODS_PODFILE_DIR_PATH}/Podfile.lock",
				"${PODS_ROOT}/Manifest.lock",
			);
			name = "[CP] Check Pods Manifest.lock";
			outputFileListPaths = (
			);
			outputPaths = (
				"$(DERIVED_FILE_DIR)/Pods-ZiwoExampleApp-checkManifestLockResult.txt",
			);
			runOnlyForDeploymentPostprocessing = 0;
			shellPath = /bin/sh;
			shellScript = "diff \"${PODS_PODFILE_DIR_PATH}/Podfile.lock\" \"${PODS_ROOT}/Manifest.lock\" > /dev/null\nif [ $? != 0 ] ; then\n    # print error to STDERR\n    echo \"error: The sandbox is not in sync with the Podfile.lock. Run 'pod install' or update your CocoaPods installation.\" >&2\n    exit 1\nfi\n# This output is used by Xcode 'outputs' to avoid re-running this script phase.\necho \"SUCCESS\" > \"${SCRIPT_OUTPUT_FILE_0}\"\n";
			showEnvVarsInLog = 0;
		};
		561EBBA278F5390072787560 /* [CP] Embed Pods Frameworks */ = {
			isa = PBXShellScriptBuildPhase;
			buildActionMask = 2147483647;
			files = (
			);
			inputFileListPaths = (
				"${PODS_ROOT}/Target Support Files/Pods-ziwo_sdkTests/Pods-ziwo_sdkTests-frameworks-${CONFIGURATION}-input-files.xcfilelist",
			);
			name = "[CP] Embed Pods Frameworks";
			outputFileListPaths = (
				"${PODS_ROOT}/Target Support Files/Pods-ziwo_sdkTests/Pods-ziwo_sdkTests-frameworks-${CONFIGURATION}-output-files.xcfilelist",
			);
			runOnlyForDeploymentPostprocessing = 0;
			shellPath = /bin/sh;
			shellScript = "\"${PODS_ROOT}/Target Support Files/Pods-ziwo_sdkTests/Pods-ziwo_sdkTests-frameworks.sh\"\n";
			showEnvVarsInLog = 0;
		};
		BDBDBCE1EF44312A66E77AD6 /* [CP] Embed Pods Frameworks */ = {
			isa = PBXShellScriptBuildPhase;
			buildActionMask = 2147483647;
			files = (
			);
			inputFileListPaths = (
				"${PODS_ROOT}/Target Support Files/Pods-ZiwoExampleApp/Pods-ZiwoExampleApp-frameworks-${CONFIGURATION}-input-files.xcfilelist",
			);
			name = "[CP] Embed Pods Frameworks";
			outputFileListPaths = (
				"${PODS_ROOT}/Target Support Files/Pods-ZiwoExampleApp/Pods-ZiwoExampleApp-frameworks-${CONFIGURATION}-output-files.xcfilelist",
			);
			runOnlyForDeploymentPostprocessing = 0;
			shellPath = /bin/sh;
			shellScript = "\"${PODS_ROOT}/Target Support Files/Pods-ZiwoExampleApp/Pods-ZiwoExampleApp-frameworks.sh\"\n";
			showEnvVarsInLog = 0;
		};
		C75951C7AFA2368DAB5A2257 /* [CP] Check Pods Manifest.lock */ = {
			isa = PBXShellScriptBuildPhase;
			buildActionMask = 2147483647;
			files = (
			);
			inputFileListPaths = (
			);
			inputPaths = (
				"${PODS_PODFILE_DIR_PATH}/Podfile.lock",
				"${PODS_ROOT}/Manifest.lock",
			);
			name = "[CP] Check Pods Manifest.lock";
			outputFileListPaths = (
			);
			outputPaths = (
				"$(DERIVED_FILE_DIR)/Pods-ziwo_sdkTests-checkManifestLockResult.txt",
			);
			runOnlyForDeploymentPostprocessing = 0;
			shellPath = /bin/sh;
			shellScript = "diff \"${PODS_PODFILE_DIR_PATH}/Podfile.lock\" \"${PODS_ROOT}/Manifest.lock\" > /dev/null\nif [ $? != 0 ] ; then\n    # print error to STDERR\n    echo \"error: The sandbox is not in sync with the Podfile.lock. Run 'pod install' or update your CocoaPods installation.\" >&2\n    exit 1\nfi\n# This output is used by Xcode 'outputs' to avoid re-running this script phase.\necho \"SUCCESS\" > \"${SCRIPT_OUTPUT_FILE_0}\"\n";
			showEnvVarsInLog = 0;
		};
/* End PBXShellScriptBuildPhase section */

/* Begin PBXSourcesBuildPhase section */
		EB1FE7FE24504E4E00830845 /* Sources */ = {
			isa = PBXSourcesBuildPhase;
			buildActionMask = 2147483647;
			files = (
				EB01B46F2452EFDC00B481A3 /* Agent.swift in Sources */,
				EB549D8A2451BB1A004B7CEB /* VertoHelpers.swift in Sources */,
				EB549D842451B4F7004B7CEB /* VertoWebSocket.swift in Sources */,
				EBF65F31245320E00024910F /* ZiwoClient.swift in Sources */,
				EB549D822451B4DB004B7CEB /* ZiwoWebSocket.swift in Sources */,
				EBB6449A24504EF30077D2DF /* ZiwoSDK.swift in Sources */,
				EB549D862451B515004B7CEB /* DomainWebSocket.swift in Sources */,
				EB549D8D2451C11A004B7CEB /* DefaultKeys.swift in Sources */,
			);
			runOnlyForDeploymentPostprocessing = 0;
		};
		EBB6449B24504F230077D2DF /* Sources */ = {
			isa = PBXSourcesBuildPhase;
			buildActionMask = 2147483647;
			files = (
				EBB644A224504F230077D2DF /* ziwo_sdkTests.swift in Sources */,
			);
			runOnlyForDeploymentPostprocessing = 0;
		};
		EBB644AA245051270077D2DF /* Sources */ = {
			isa = PBXSourcesBuildPhase;
			buildActionMask = 2147483647;
			files = (
				EB549D912452DDC5004B7CEB /* Utils.swift in Sources */,
				EBB644B5245051270077D2DF /* LoginViewController.swift in Sources */,
				EBF65F2F245317EC0024910F /* AgentViewController.swift in Sources */,
				EB01B46C2452E9D200B481A3 /* Network.swift in Sources */,
				EBB644BB245051270077D2DF /* ZiwoExampleApp.xcdatamodeld in Sources */,
				EBB644B1245051270077D2DF /* AppDelegate.swift in Sources */,
				EBB644B3245051270077D2DF /* SceneDelegate.swift in Sources */,
			);
			runOnlyForDeploymentPostprocessing = 0;
		};
/* End PBXSourcesBuildPhase section */

/* Begin PBXTargetDependency section */
		EB549D7F24505E1F004B7CEB /* PBXTargetDependency */ = {
			isa = PBXTargetDependency;
			target = EB1FE80124504E4E00830845 /* ziwo-sdk */;
			targetProxy = EB549D7E24505E1F004B7CEB /* PBXContainerItemProxy */;
		};
		EBB644A624504F230077D2DF /* PBXTargetDependency */ = {
			isa = PBXTargetDependency;
			target = EB1FE80124504E4E00830845 /* ziwo-sdk */;
			targetProxy = EBB644A524504F230077D2DF /* PBXContainerItemProxy */;
		};
/* End PBXTargetDependency section */

/* Begin PBXVariantGroup section */
		EBB644B6245051270077D2DF /* Main.storyboard */ = {
			isa = PBXVariantGroup;
			children = (
				EBB644B7245051270077D2DF /* Base */,
			);
			name = Main.storyboard;
			sourceTree = "<group>";
		};
		EBB644BE245051290077D2DF /* LaunchScreen.storyboard */ = {
			isa = PBXVariantGroup;
			children = (
				EBB644BF245051290077D2DF /* Base */,
			);
			name = LaunchScreen.storyboard;
			sourceTree = "<group>";
		};
/* End PBXVariantGroup section */

/* Begin XCBuildConfiguration section */
		EB1FE80824504E4E00830845 /* Debug */ = {
			isa = XCBuildConfiguration;
			buildSettings = {
				ALWAYS_SEARCH_USER_PATHS = NO;
				CLANG_ANALYZER_NONNULL = YES;
				CLANG_ANALYZER_NUMBER_OBJECT_CONVERSION = YES_AGGRESSIVE;
				CLANG_CXX_LANGUAGE_STANDARD = "gnu++14";
				CLANG_CXX_LIBRARY = "libc++";
				CLANG_ENABLE_MODULES = YES;
				CLANG_ENABLE_OBJC_ARC = YES;
				CLANG_ENABLE_OBJC_WEAK = YES;
				CLANG_WARN_BLOCK_CAPTURE_AUTORELEASING = YES;
				CLANG_WARN_BOOL_CONVERSION = YES;
				CLANG_WARN_COMMA = YES;
				CLANG_WARN_CONSTANT_CONVERSION = YES;
				CLANG_WARN_DEPRECATED_OBJC_IMPLEMENTATIONS = YES;
				CLANG_WARN_DIRECT_OBJC_ISA_USAGE = YES_ERROR;
				CLANG_WARN_DOCUMENTATION_COMMENTS = YES;
				CLANG_WARN_EMPTY_BODY = YES;
				CLANG_WARN_ENUM_CONVERSION = YES;
				CLANG_WARN_INFINITE_RECURSION = YES;
				CLANG_WARN_INT_CONVERSION = YES;
				CLANG_WARN_NON_LITERAL_NULL_CONVERSION = YES;
				CLANG_WARN_OBJC_IMPLICIT_RETAIN_SELF = YES;
				CLANG_WARN_OBJC_LITERAL_CONVERSION = YES;
				CLANG_WARN_OBJC_ROOT_CLASS = YES_ERROR;
				CLANG_WARN_RANGE_LOOP_ANALYSIS = YES;
				CLANG_WARN_STRICT_PROTOTYPES = YES;
				CLANG_WARN_SUSPICIOUS_MOVE = YES;
				CLANG_WARN_UNGUARDED_AVAILABILITY = YES_AGGRESSIVE;
				CLANG_WARN_UNREACHABLE_CODE = YES;
				CLANG_WARN__DUPLICATE_METHOD_MATCH = YES;
				COPY_PHASE_STRIP = NO;
				CURRENT_PROJECT_VERSION = 1;
				DEBUG_INFORMATION_FORMAT = dwarf;
				ENABLE_STRICT_OBJC_MSGSEND = YES;
				ENABLE_TESTABILITY = YES;
				GCC_C_LANGUAGE_STANDARD = gnu11;
				GCC_DYNAMIC_NO_PIC = NO;
				GCC_NO_COMMON_BLOCKS = YES;
				GCC_OPTIMIZATION_LEVEL = 0;
				GCC_PREPROCESSOR_DEFINITIONS = (
					"DEBUG=1",
					"$(inherited)",
				);
				GCC_WARN_64_TO_32_BIT_CONVERSION = YES;
				GCC_WARN_ABOUT_RETURN_TYPE = YES_ERROR;
				GCC_WARN_UNDECLARED_SELECTOR = YES;
				GCC_WARN_UNINITIALIZED_AUTOS = YES_AGGRESSIVE;
				GCC_WARN_UNUSED_FUNCTION = YES;
				GCC_WARN_UNUSED_VARIABLE = YES;
				IPHONEOS_DEPLOYMENT_TARGET = 13.4;
				MTL_ENABLE_DEBUG_INFO = INCLUDE_SOURCE;
				MTL_FAST_MATH = YES;
				ONLY_ACTIVE_ARCH = YES;
				SDKROOT = iphoneos;
				SWIFT_ACTIVE_COMPILATION_CONDITIONS = DEBUG;
				SWIFT_OPTIMIZATION_LEVEL = "-Onone";
				SWIFT_VERSION = 5.0;
				VERSIONING_SYSTEM = "apple-generic";
				VERSION_INFO_PREFIX = "";
			};
			name = Debug;
		};
		EB1FE80924504E4E00830845 /* Release */ = {
			isa = XCBuildConfiguration;
			buildSettings = {
				ALWAYS_SEARCH_USER_PATHS = NO;
				CLANG_ANALYZER_NONNULL = YES;
				CLANG_ANALYZER_NUMBER_OBJECT_CONVERSION = YES_AGGRESSIVE;
				CLANG_CXX_LANGUAGE_STANDARD = "gnu++14";
				CLANG_CXX_LIBRARY = "libc++";
				CLANG_ENABLE_MODULES = YES;
				CLANG_ENABLE_OBJC_ARC = YES;
				CLANG_ENABLE_OBJC_WEAK = YES;
				CLANG_WARN_BLOCK_CAPTURE_AUTORELEASING = YES;
				CLANG_WARN_BOOL_CONVERSION = YES;
				CLANG_WARN_COMMA = YES;
				CLANG_WARN_CONSTANT_CONVERSION = YES;
				CLANG_WARN_DEPRECATED_OBJC_IMPLEMENTATIONS = YES;
				CLANG_WARN_DIRECT_OBJC_ISA_USAGE = YES_ERROR;
				CLANG_WARN_DOCUMENTATION_COMMENTS = YES;
				CLANG_WARN_EMPTY_BODY = YES;
				CLANG_WARN_ENUM_CONVERSION = YES;
				CLANG_WARN_INFINITE_RECURSION = YES;
				CLANG_WARN_INT_CONVERSION = YES;
				CLANG_WARN_NON_LITERAL_NULL_CONVERSION = YES;
				CLANG_WARN_OBJC_IMPLICIT_RETAIN_SELF = YES;
				CLANG_WARN_OBJC_LITERAL_CONVERSION = YES;
				CLANG_WARN_OBJC_ROOT_CLASS = YES_ERROR;
				CLANG_WARN_RANGE_LOOP_ANALYSIS = YES;
				CLANG_WARN_STRICT_PROTOTYPES = YES;
				CLANG_WARN_SUSPICIOUS_MOVE = YES;
				CLANG_WARN_UNGUARDED_AVAILABILITY = YES_AGGRESSIVE;
				CLANG_WARN_UNREACHABLE_CODE = YES;
				CLANG_WARN__DUPLICATE_METHOD_MATCH = YES;
				COPY_PHASE_STRIP = NO;
				CURRENT_PROJECT_VERSION = 1;
				DEBUG_INFORMATION_FORMAT = "dwarf-with-dsym";
				ENABLE_NS_ASSERTIONS = NO;
				ENABLE_STRICT_OBJC_MSGSEND = YES;
				GCC_C_LANGUAGE_STANDARD = gnu11;
				GCC_NO_COMMON_BLOCKS = YES;
				GCC_WARN_64_TO_32_BIT_CONVERSION = YES;
				GCC_WARN_ABOUT_RETURN_TYPE = YES_ERROR;
				GCC_WARN_UNDECLARED_SELECTOR = YES;
				GCC_WARN_UNINITIALIZED_AUTOS = YES_AGGRESSIVE;
				GCC_WARN_UNUSED_FUNCTION = YES;
				GCC_WARN_UNUSED_VARIABLE = YES;
				IPHONEOS_DEPLOYMENT_TARGET = 13.4;
				MTL_ENABLE_DEBUG_INFO = NO;
				MTL_FAST_MATH = YES;
				SDKROOT = iphoneos;
				SWIFT_COMPILATION_MODE = wholemodule;
				SWIFT_OPTIMIZATION_LEVEL = "-O";
				SWIFT_VERSION = 5.0;
				VALIDATE_PRODUCT = YES;
				VERSIONING_SYSTEM = "apple-generic";
				VERSION_INFO_PREFIX = "";
			};
			name = Release;
		};
		EB1FE80B24504E4E00830845 /* Debug */ = {
			isa = XCBuildConfiguration;
			baseConfigurationReference = E3A88C6B6E082A4EF066E276 /* Pods-ziwo-sdk.debug.xcconfig */;
			buildSettings = {
				CLANG_ENABLE_MODULES = YES;
				CODE_SIGN_STYLE = Automatic;
				DEFINES_MODULE = YES;
				DEVELOPMENT_TEAM = NGYSA26NZC;
				DYLIB_COMPATIBILITY_VERSION = 1;
				DYLIB_CURRENT_VERSION = 1;
				DYLIB_INSTALL_NAME_BASE = "@rpath";
				INFOPLIST_FILE = "ziwo-sdk/Info.plist";
				INSTALL_PATH = "$(LOCAL_LIBRARY_DIR)/Frameworks";
				IPHONEOS_DEPLOYMENT_TARGET = 13.1;
				LD_RUNPATH_SEARCH_PATHS = (
					"$(inherited)",
					"@executable_path/Frameworks",
					"@loader_path/Frameworks",
				);
				PRODUCT_BUNDLE_IDENTIFIER = "ios.kalvad.aswat.ziwo-sdk";
				PRODUCT_NAME = "$(TARGET_NAME:c99extidentifier)";
				SKIP_INSTALL = YES;
				SUPPORTS_MACCATALYST = NO;
				SWIFT_OPTIMIZATION_LEVEL = "-Onone";
				SWIFT_VERSION = 5.0;
				TARGETED_DEVICE_FAMILY = "1,2";
			};
			name = Debug;
		};
		EB1FE80C24504E4E00830845 /* Release */ = {
			isa = XCBuildConfiguration;
			baseConfigurationReference = B613E41E7789A84AE725FCF6 /* Pods-ziwo-sdk.release.xcconfig */;
			buildSettings = {
				CLANG_ENABLE_MODULES = YES;
				CODE_SIGN_STYLE = Automatic;
				DEFINES_MODULE = YES;
				DEVELOPMENT_TEAM = NGYSA26NZC;
				DYLIB_COMPATIBILITY_VERSION = 1;
				DYLIB_CURRENT_VERSION = 1;
				DYLIB_INSTALL_NAME_BASE = "@rpath";
				INFOPLIST_FILE = "ziwo-sdk/Info.plist";
				INSTALL_PATH = "$(LOCAL_LIBRARY_DIR)/Frameworks";
				IPHONEOS_DEPLOYMENT_TARGET = 13.1;
				LD_RUNPATH_SEARCH_PATHS = (
					"$(inherited)",
					"@executable_path/Frameworks",
					"@loader_path/Frameworks",
				);
				PRODUCT_BUNDLE_IDENTIFIER = "ios.kalvad.aswat.ziwo-sdk";
				PRODUCT_NAME = "$(TARGET_NAME:c99extidentifier)";
				SKIP_INSTALL = YES;
				SUPPORTS_MACCATALYST = NO;
				SWIFT_VERSION = 5.0;
				TARGETED_DEVICE_FAMILY = "1,2";
			};
			name = Release;
		};
		EBB644A824504F230077D2DF /* Debug */ = {
			isa = XCBuildConfiguration;
			baseConfigurationReference = 864A5883198F815BFB7C83C9 /* Pods-ziwo_sdkTests.debug.xcconfig */;
			buildSettings = {
				CODE_SIGN_STYLE = Automatic;
				DEVELOPMENT_TEAM = NGYSA26NZC;
				INFOPLIST_FILE = ziwo_sdkTests/Info.plist;
				IPHONEOS_DEPLOYMENT_TARGET = 13.1;
				LD_RUNPATH_SEARCH_PATHS = (
					"$(inherited)",
					"@executable_path/Frameworks",
					"@loader_path/Frameworks",
				);
				PRODUCT_BUNDLE_IDENTIFIER = "ios.kalvad.aswat.ziwo-sdkTests";
				PRODUCT_NAME = "$(TARGET_NAME)";
				SWIFT_VERSION = 5.0;
				TARGETED_DEVICE_FAMILY = "1,2";
			};
			name = Debug;
		};
		EBB644A924504F230077D2DF /* Release */ = {
			isa = XCBuildConfiguration;
			baseConfigurationReference = F3F948A327E41A2165D1E2C8 /* Pods-ziwo_sdkTests.release.xcconfig */;
			buildSettings = {
				CODE_SIGN_STYLE = Automatic;
				DEVELOPMENT_TEAM = NGYSA26NZC;
				INFOPLIST_FILE = ziwo_sdkTests/Info.plist;
				IPHONEOS_DEPLOYMENT_TARGET = 13.1;
				LD_RUNPATH_SEARCH_PATHS = (
					"$(inherited)",
					"@executable_path/Frameworks",
					"@loader_path/Frameworks",
				);
				PRODUCT_BUNDLE_IDENTIFIER = "ios.kalvad.aswat.ziwo-sdkTests";
				PRODUCT_NAME = "$(TARGET_NAME)";
				SWIFT_VERSION = 5.0;
				TARGETED_DEVICE_FAMILY = "1,2";
			};
			name = Release;
		};
		EBB644C3245051290077D2DF /* Debug */ = {
			isa = XCBuildConfiguration;
			baseConfigurationReference = 6DA782843547914AADBA4033 /* Pods-ZiwoExampleApp.debug.xcconfig */;
			buildSettings = {
				ASSETCATALOG_COMPILER_APPICON_NAME = AppIcon;
				CODE_SIGN_STYLE = Automatic;
				DEVELOPMENT_TEAM = NGYSA26NZC;
				INFOPLIST_FILE = ZiwoExampleApp/Info.plist;
				IPHONEOS_DEPLOYMENT_TARGET = 13.1;
				LD_RUNPATH_SEARCH_PATHS = (
					"$(inherited)",
					"@executable_path/Frameworks",
				);
				PRODUCT_BUNDLE_IDENTIFIER = ios.kalvad.aswat.ZiwoExampleApp;
				PRODUCT_NAME = "$(TARGET_NAME)";
				SWIFT_VERSION = 5.0;
				TARGETED_DEVICE_FAMILY = "1,2";
			};
			name = Debug;
		};
		EBB644C4245051290077D2DF /* Release */ = {
			isa = XCBuildConfiguration;
			baseConfigurationReference = 791FB8EF92BFEFC1B4C2AA94 /* Pods-ZiwoExampleApp.release.xcconfig */;
			buildSettings = {
				ASSETCATALOG_COMPILER_APPICON_NAME = AppIcon;
				CODE_SIGN_STYLE = Automatic;
				DEVELOPMENT_TEAM = NGYSA26NZC;
				INFOPLIST_FILE = ZiwoExampleApp/Info.plist;
				IPHONEOS_DEPLOYMENT_TARGET = 13.1;
				LD_RUNPATH_SEARCH_PATHS = (
					"$(inherited)",
					"@executable_path/Frameworks",
				);
				PRODUCT_BUNDLE_IDENTIFIER = ios.kalvad.aswat.ZiwoExampleApp;
				PRODUCT_NAME = "$(TARGET_NAME)";
				SWIFT_VERSION = 5.0;
				TARGETED_DEVICE_FAMILY = "1,2";
			};
			name = Release;
		};
/* End XCBuildConfiguration section */

/* Begin XCConfigurationList section */
		EB1FE7FC24504E4E00830845 /* Build configuration list for PBXProject "ziwo-sdk" */ = {
			isa = XCConfigurationList;
			buildConfigurations = (
				EB1FE80824504E4E00830845 /* Debug */,
				EB1FE80924504E4E00830845 /* Release */,
			);
			defaultConfigurationIsVisible = 0;
			defaultConfigurationName = Release;
		};
		EB1FE80A24504E4E00830845 /* Build configuration list for PBXNativeTarget "ziwo-sdk" */ = {
			isa = XCConfigurationList;
			buildConfigurations = (
				EB1FE80B24504E4E00830845 /* Debug */,
				EB1FE80C24504E4E00830845 /* Release */,
			);
			defaultConfigurationIsVisible = 0;
			defaultConfigurationName = Release;
		};
		EBB644A724504F230077D2DF /* Build configuration list for PBXNativeTarget "ziwo_sdkTests" */ = {
			isa = XCConfigurationList;
			buildConfigurations = (
				EBB644A824504F230077D2DF /* Debug */,
				EBB644A924504F230077D2DF /* Release */,
			);
			defaultConfigurationIsVisible = 0;
			defaultConfigurationName = Release;
		};
		EBB644C2245051290077D2DF /* Build configuration list for PBXNativeTarget "ZiwoExampleApp" */ = {
			isa = XCConfigurationList;
			buildConfigurations = (
				EBB644C3245051290077D2DF /* Debug */,
				EBB644C4245051290077D2DF /* Release */,
			);
			defaultConfigurationIsVisible = 0;
			defaultConfigurationName = Release;
		};
/* End XCConfigurationList section */

/* Begin XCVersionGroup section */
		EBB644B9245051270077D2DF /* ZiwoExampleApp.xcdatamodeld */ = {
			isa = XCVersionGroup;
			children = (
				EBB644BA245051270077D2DF /* ZiwoExampleApp.xcdatamodel */,
			);
			currentVersion = EBB644BA245051270077D2DF /* ZiwoExampleApp.xcdatamodel */;
			path = ZiwoExampleApp.xcdatamodeld;
			sourceTree = "<group>";
			versionGroupType = wrapper.xcdatamodel;
		};
/* End XCVersionGroup section */
	};
	rootObject = EB1FE7F924504E4E00830845 /* Project object */;
}
